
Microsoft Visual Studio Solution File, Format Version 12.00
# Visual Studio Version 17
VisualStudioVersion = 17.4.33110.190
MinimumVisualStudioVersion = 10.0.40219.1
Project("{FAE04EC0-301F-11D3-BF4B-00C04F79EFBC}") = "NextAfter.Net", "NextAfter.Net\NextAfter.Net.csproj", "{3296D9C4-9312-4C18-BA00-73291CF9ECEE}"
EndProject
Project("{FAE04EC0-301F-11D3-BF4B-00C04F79EFBC}") = "NextAfter.Net.Testing", "NextAfter.Net.Testing\NextAfter.Net.Testing.csproj", "{03C3ACE4-F090-495E-8674-398D99CAD77C}"
EndProject
Global
	GlobalSection(SolutionConfigurationPlatforms) = preSolution
		Debug|Any CPU = Debug|Any CPU
		Release|Any CPU = Release|Any CPU
	EndGlobalSection
	GlobalSection(ProjectConfigurationPlatforms) = postSolution
		{3296D9C4-9312-4C18-BA00-73291CF9ECEE}.Debug|Any CPU.ActiveCfg = Debug|Any CPU
		{3296D9C4-9312-4C18-BA00-73291CF9ECEE}.Debug|Any CPU.Build.0 = Debug|Any CPU
		{3296D9C4-9312-4C18-BA00-73291CF9ECEE}.Release|Any CPU.ActiveCfg = Release|Any CPU
		{3296D9C4-9312-4C18-BA00-73291CF9ECEE}.Release|Any CPU.Build.0 = Release|Any CPU
		{03C3ACE4-F090-495E-8674-398D99CAD77C}.Debug|Any CPU.ActiveCfg = Debug|Any CPU
		{03C3ACE4-F090-495E-8674-398D99CAD77C}.Debug|Any CPU.Build.0 = Debug|Any CPU
		{03C3ACE4-F090-495E-8674-398D99CAD77C}.Release|Any CPU.ActiveCfg = Release|Any CPU
		{03C3ACE4-F090-495E-8674-398D99CAD77C}.Release|Any CPU.Build.0 = Release|Any CPU
	EndGlobalSection
	GlobalSection(SolutionProperties) = preSolution
		HideSolutionNode = FALSE
	EndGlobalSection
	GlobalSection(ExtensibilityGlobals) = postSolution
		SolutionGuid = {C615B018-BAF2-4983-8A80-D2F47DF7F7F2}
	EndGlobalSection
EndGlobal
