
Microsoft Visual Studio Solution File, Format Version 12.00
# Visual Studio Version 17
VisualStudioVersion = 17.4.33110.190
MinimumVisualStudioVersion = 10.0.40219.1
Project("{FAE04EC0-301F-11D3-BF4B-00C04F79EFBC}") = "NextAfter.Net", "NextAfter.Net\NextAfter.Net.csproj", "{877207D2-EF0B-4F6E-A552-8632D116107C}"
EndProject
Global
	GlobalSection(SolutionConfigurationPlatforms) = preSolution
		Debug|Any CPU = Debug|Any CPU
		Release|Any CPU = Release|Any CPU
	EndGlobalSection
	GlobalSection(ProjectConfigurationPlatforms) = postSolution
		{877207D2-EF0B-4F6E-A552-8632D116107C}.Debug|Any CPU.ActiveCfg = Debug|Any CPU
		{877207D2-EF0B-4F6E-A552-8632D116107C}.Debug|Any CPU.Build.0 = Debug|Any CPU
		{877207D2-EF0B-4F6E-A552-8632D116107C}.Release|Any CPU.ActiveCfg = Release|Any CPU
		{877207D2-EF0B-4F6E-A552-8632D116107C}.Release|Any CPU.Build.0 = Release|Any CPU
	EndGlobalSection
	GlobalSection(SolutionProperties) = preSolution
		HideSolutionNode = FALSE
	EndGlobalSection
	GlobalSection(ExtensibilityGlobals) = postSolution
		SolutionGuid = {AAB12F7A-6BBB-48C5-AF58-4B276B81B393}
	EndGlobalSection
EndGlobal
